github.com/google/uuid v1.3.0 h1:t6JiXgmwXMjEs8VusXIJk2BXHsn+wx8BZdTaoZ5fu7I=
github.com/google/uuid v1.3.0/go.mod h1:TIyPZe4MgqvfeYDBFedMoGGpEw/LqOeaOT+nhxU+yHo=
github.com/kirigaikabuto/setdata-common v1.0.0 h1:9mw95vHMnGdNt2yMQEuZ9hctdUTXKgdPMqluax4P01U=
github.com/kirigaikabuto/setdata-common v1.0.0/go.mod h1:csYDSKceHXbknLLUg+nDRjY3FbLNG1mucO9cg5sNbzs=
github.com/kirigaikabuto/setdata-common v1.0.1-0.20210728163309-9ead53ad3a54 h1:ilGVgBSttMudemxAQ0Sy1Xx6u4m3ShZJES8l4JIlTXg=
github.com/kirigaikabuto/setdata-common v1.0.1-0.20210728163309-9ead53ad3a54/go.mod h1:csYDSKceHXbknLLUg+nDRjY3FbLNG1mucO9cg5sNbzs=
github.com/kirigaikabuto/setdata-common v1.0.1-0.20210729154550-e61016602e3e h1:SJwAJV2AmNH0tqUw3bkX4B2LDjoIZ3Emh6XanDdHI6I=
github.com/kirigaikabuto/setdata-common v1.0.1-0.20210729154550-e61016602e3e/go.mod h1:csYDSKceHXbknLLUg+nDRjY3FbLNG1mucO9cg5sNbzs=
github.com/kirigaikabuto/setdata-common v1.0.1-0.20210729163009-f338ce2d5fa9 h1:tBOtXxB+z3z0Ah2akOIgSMzvw9uy3pM6x42JwnAsxPs=
github.com/kirigaikabuto/setdata-common v1.0.1-0.20210729163009-f338ce2d5fa9/go.mod h1:csYDSKceHXbknLLUg+nDRjY3FbLNG1mucO9cg5sNbzs=
github.com/kirigaikabuto/setdata-common v1.0.1-0.20210729164311-fbb76f70b791 h1:g7In8yqwt9IF0NJM0/oeQs674gYlp5VSMT2foPEGJSg=
github.com/kirigaikabuto/setdata-common v1.0.1-0.20210729164311-fbb76f70b791/go.mod h1:csYDSKceHXbknLLUg+nDRjY3FbLNG1mucO9cg5sNbzs=
github.com/kirigaikabuto/setdata-common v1.0.1-0.20210730004649-df19521ae1bc h1:k5DNx7sxf53Jz3wR3nkB8XwGczz+LmOt81XjH4HjXKo=
github.com/kirigaikabuto/setdata-common v1.0.1-0.20210730004649-df19521ae1bc/go.mod h1:8vC5sfIjxlm6bePJrQ7G0VY+dyGOcmu6FVlKop69XCY=
github.com/lib/pq v1.10.2 h1:AqzbZs4ZoCBp+GtejcpCpcxM3zlSMx29dXbUSeVtJb8=
github.com/lib/pq v1.10.2/go.mod h1:AlVN5x4E4T544tWzH6hKfbfQvm3HdbOxrmggDNAPY9o=
golang.org/x/crypto v0.0.0-20210711020723-a769d52b0f97 h1:/UOmuWzQfxxo9UtlXMwuQU8CMgg1eZXqTRwkSQJWKOI=
golang.org/x/crypto v0.0.0-20210711020723-a769d52b0f97/go.mod h1:GvvjBRRGRdwPK5ydBHafDWAxML/pGHZbMvKqRZ5+Abc=
golang.org/x/net v0.0.0-20210226172049-e18ecbb05110/go.mod h1:m0MpNAwzfU5UDzcl9v0D8zg8gWTRqZa9RBIspLL5mdg=
golang.org/x/sys v0.0.0-20201119102817-f84b799fce68/go.mod h1:h1NjWce9XRLGQEsW7wpKNCjG9DtNlClVuFLEZdDNbEs=
golang.org/x/sys v0.0.0-20210615035016-665e8c7367d1/go.mod h1:oPkhp1MJrh7nUepCBck5+mAzfO9JrbApNNgaTdGDITg=
golang.org/x/term v0.0.0-20201126162022-7de9c90e9dd1/go.mod h1:bj7SfCRtBDWHUb9snDiAeCFNEtKQo2Wmx5Cou7ajbmo=
golang.org/x/text v0.3.3/go.mod h1:5Zoc/QRtKVWzQhOtBMvqHzDpF6irO9z98xDceosuGiQ=
golang.org/x/tools v0.0.0-20180917221912-90fa682c2a6e/go.mod h1:n7NCudcB/nEzxVGmLbDWY5pfWTLqBcC2KZ6jyYvM4mQ=
